
Microsoft Visual Studio Solution File, Format Version 12.00
# Visual Studio Version 17
VisualStudioVersion = 17.9.34723.18
MinimumVisualStudioVersion = 10.0.40219.1
Project("{FAE04EC0-301F-11D3-BF4B-00C04F79EFBC}") = "Turizm-Yonetim-Sistemi", "Turizm-Yonetim-Sistemi\Turizm-Yonetim-Sistemi.csproj", "{CD06A4F4-1235-48EB-B19B-FA6A4B148C15}"
EndProject
Global
	GlobalSection(SolutionConfigurationPlatforms) = preSolution
		Debug|Any CPU = Debug|Any CPU
		Release|Any CPU = Release|Any CPU
	EndGlobalSection
	GlobalSection(ProjectConfigurationPlatforms) = postSolution
		{CD06A4F4-1235-48EB-B19B-FA6A4B148C15}.Debug|Any CPU.ActiveCfg = Debug|Any CPU
		{CD06A4F4-1235-48EB-B19B-FA6A4B148C15}.Debug|Any CPU.Build.0 = Debug|Any CPU
		{CD06A4F4-1235-48EB-B19B-FA6A4B148C15}.Release|Any CPU.ActiveCfg = Release|Any CPU
		{CD06A4F4-1235-48EB-B19B-FA6A4B148C15}.Release|Any CPU.Build.0 = Release|Any CPU
	EndGlobalSection
	GlobalSection(SolutionProperties) = preSolution
		HideSolutionNode = FALSE
	EndGlobalSection
	GlobalSection(ExtensibilityGlobals) = postSolution
		SolutionGuid = {D075F5FC-9F9E-42B8-AD8A-8F99D85F1481}
	EndGlobalSection
EndGlobal
